
Microsoft Visual Studio Solution File, Format Version 12.00
# Visual Studio Version 16
VisualStudioVersion = 16.0.31019.35
MinimumVisualStudioVersion = 10.0.40219.1
Project("{FAE04EC0-301F-11D3-BF4B-00C04F79EFBC}") = "gitapp", "gitapp\gitapp.csproj", "{70212D2A-0D14-443F-8A38-29B539D69500}"
EndProject
Global
	GlobalSection(SolutionConfigurationPlatforms) = preSolution
		Debug|Any CPU = Debug|Any CPU
		Release|Any CPU = Release|Any CPU
	EndGlobalSection
	GlobalSection(ProjectConfigurationPlatforms) = postSolution
		{70212D2A-0D14-443F-8A38-29B539D69500}.Debug|Any CPU.ActiveCfg = Debug|Any CPU
		{70212D2A-0D14-443F-8A38-29B539D69500}.Debug|Any CPU.Build.0 = Debug|Any CPU
		{70212D2A-0D14-443F-8A38-29B539D69500}.Release|Any CPU.ActiveCfg = Release|Any CPU
		{70212D2A-0D14-443F-8A38-29B539D69500}.Release|Any CPU.Build.0 = Release|Any CPU
	EndGlobalSection
	GlobalSection(SolutionProperties) = preSolution
		HideSolutionNode = FALSE
	EndGlobalSection
	GlobalSection(ExtensibilityGlobals) = postSolution
		SolutionGuid = {FFE54084-F71E-44C5-9EBE-D058043E09B2}
	EndGlobalSection
EndGlobal
